
Microsoft Visual Studio Solution File, Format Version 12.00
# Visual Studio 15
VisualStudioVersion = 15.0.27004.2006
MinimumVisualStudioVersion = 10.0.40219.1
Project("{FAE04EC0-301F-11D3-BF4B-00C04F79EFBC}") = "Stardust-Library", "Stardust-Library\Stardust-Library.csproj", "{745AE63F-8F06-445B-AE8E-10C75F6B6BC6}"
EndProject
Project("{FAE04EC0-301F-11D3-BF4B-00C04F79EFBC}") = "Stardust-Library-Tests", "Stardust-Library-Tests\Stardust-Library-Tests.csproj", "{B98352A3-4421-4062-AC61-9E5478DE3568}"
EndProject
Project("{D954291E-2A0B-460D-934E-DC6B0785DB48}") = "SparrowShared", "..\sparrow-sharp\SparrowShared\SparrowShared.shproj", "{4D13AB71-77BC-431B-8EB4-54BB69E86F9C}"
EndProject
Project("{FAE04EC0-301F-11D3-BF4B-00C04F79EFBC}") = "Stardust-Library-Sample", "Stardust-Library-Sample\Stardust-Library-Sample.csproj", "{7A2F11D4-7CD1-4075-BD70-387F412FE6AD}"
EndProject
Project("{FAE04EC0-301F-11D3-BF4B-00C04F79EFBC}") = "SparrowSharp.Desktop", "..\sparrow-sharp\SparrowSharp.Desktop\SparrowSharp.Desktop.csproj", "{40765B80-9BE8-4A35-80B5-7D5ABE4D6657}"
EndProject
Global
	GlobalSection(SharedMSBuildProjectFiles) = preSolution
		..\sparrow-sharp\SparrowShared\SparrowShared.projitems*{40765b80-9be8-4a35-80b5-7d5abe4d6657}*SharedItemsImports = 4
		..\sparrow-sharp\SparrowShared\SparrowShared.projitems*{4d13ab71-77bc-431b-8eb4-54bb69e86f9c}*SharedItemsImports = 13
	EndGlobalSection
	GlobalSection(SolutionConfigurationPlatforms) = preSolution
		Debug|Any CPU = Debug|Any CPU
		Release|Any CPU = Release|Any CPU
	EndGlobalSection
	GlobalSection(ProjectConfigurationPlatforms) = postSolution
		{745AE63F-8F06-445B-AE8E-10C75F6B6BC6}.Debug|Any CPU.ActiveCfg = Debug|Any CPU
		{745AE63F-8F06-445B-AE8E-10C75F6B6BC6}.Debug|Any CPU.Build.0 = Debug|Any CPU
		{745AE63F-8F06-445B-AE8E-10C75F6B6BC6}.Release|Any CPU.ActiveCfg = Release|Any CPU
		{745AE63F-8F06-445B-AE8E-10C75F6B6BC6}.Release|Any CPU.Build.0 = Release|Any CPU
		{B98352A3-4421-4062-AC61-9E5478DE3568}.Debug|Any CPU.ActiveCfg = Debug|Any CPU
		{B98352A3-4421-4062-AC61-9E5478DE3568}.Debug|Any CPU.Build.0 = Debug|Any CPU
		{B98352A3-4421-4062-AC61-9E5478DE3568}.Release|Any CPU.ActiveCfg = Release|Any CPU
		{B98352A3-4421-4062-AC61-9E5478DE3568}.Release|Any CPU.Build.0 = Release|Any CPU
		{7A2F11D4-7CD1-4075-BD70-387F412FE6AD}.Debug|Any CPU.ActiveCfg = Debug|Any CPU
		{7A2F11D4-7CD1-4075-BD70-387F412FE6AD}.Debug|Any CPU.Build.0 = Debug|Any CPU
		{7A2F11D4-7CD1-4075-BD70-387F412FE6AD}.Release|Any CPU.ActiveCfg = Release|Any CPU
		{7A2F11D4-7CD1-4075-BD70-387F412FE6AD}.Release|Any CPU.Build.0 = Release|Any CPU
		{40765B80-9BE8-4A35-80B5-7D5ABE4D6657}.Debug|Any CPU.ActiveCfg = Debug|Any CPU
		{40765B80-9BE8-4A35-80B5-7D5ABE4D6657}.Debug|Any CPU.Build.0 = Debug|Any CPU
		{40765B80-9BE8-4A35-80B5-7D5ABE4D6657}.Release|Any CPU.ActiveCfg = Release|Any CPU
		{40765B80-9BE8-4A35-80B5-7D5ABE4D6657}.Release|Any CPU.Build.0 = Release|Any CPU
	EndGlobalSection
	GlobalSection(SolutionProperties) = preSolution
		HideSolutionNode = FALSE
	EndGlobalSection
	GlobalSection(ExtensibilityGlobals) = postSolution
		SolutionGuid = {DD0CA2F1-949F-464D-985F-4D33E6BBE878}
	EndGlobalSection
EndGlobal
