
Microsoft Visual Studio Solution File, Format Version 12.00
# Visual Studio 2013
VisualStudioVersion = 12.0.0.0
MinimumVisualStudioVersion = 10.0.0.1
Project("{FAE04EC0-301F-11D3-BF4B-00C04F79EFBC}") = "Stardust_Library", "Stardust-Library.csproj", "{745AE63F-8F06-445B-AE8E-10C75F6B6BC6}"
EndProject
Project("{FAE04EC0-301F-11D3-BF4B-00C04F79EFBC}") = "Stardust-Library-Tests", "Stardust-Library-Tests\Stardust-Library-Tests.csproj", "{B98352A3-4421-4062-AC61-9E5478DE3568}"
EndProject
Project("{FAE04EC0-301F-11D3-BF4B-00C04F79EFBC}") = "TestApp", "TestApp\TestApp.csproj", "{CA9E92F6-B642-4197-AF86-8637202B5FF7}"
EndProject
Global
	GlobalSection(SolutionConfigurationPlatforms) = preSolution
		Debug|Any CPU = Debug|Any CPU
		Release|Any CPU = Release|Any CPU
	EndGlobalSection
	GlobalSection(ProjectConfigurationPlatforms) = postSolution
		{745AE63F-8F06-445B-AE8E-10C75F6B6BC6}.Debug|Any CPU.ActiveCfg = Debug|Any CPU
		{745AE63F-8F06-445B-AE8E-10C75F6B6BC6}.Debug|Any CPU.Build.0 = Debug|Any CPU
		{745AE63F-8F06-445B-AE8E-10C75F6B6BC6}.Release|Any CPU.ActiveCfg = Release|Any CPU
		{745AE63F-8F06-445B-AE8E-10C75F6B6BC6}.Release|Any CPU.Build.0 = Release|Any CPU
		{B98352A3-4421-4062-AC61-9E5478DE3568}.Debug|Any CPU.ActiveCfg = Debug|Any CPU
		{B98352A3-4421-4062-AC61-9E5478DE3568}.Debug|Any CPU.Build.0 = Debug|Any CPU
		{B98352A3-4421-4062-AC61-9E5478DE3568}.Release|Any CPU.ActiveCfg = Release|Any CPU
		{B98352A3-4421-4062-AC61-9E5478DE3568}.Release|Any CPU.Build.0 = Release|Any CPU
		{CA9E92F6-B642-4197-AF86-8637202B5FF7}.Debug|Any CPU.ActiveCfg = Debug|Any CPU
		{CA9E92F6-B642-4197-AF86-8637202B5FF7}.Debug|Any CPU.Build.0 = Debug|Any CPU
		{CA9E92F6-B642-4197-AF86-8637202B5FF7}.Release|Any CPU.ActiveCfg = Release|Any CPU
		{CA9E92F6-B642-4197-AF86-8637202B5FF7}.Release|Any CPU.Build.0 = Release|Any CPU
	EndGlobalSection
	GlobalSection(SolutionProperties) = preSolution
		HideSolutionNode = FALSE
	EndGlobalSection
EndGlobal
